// !$*UTF8*$!
{
	archiveVersion = 1;
	classes = {
	};
	objectVersion = 46;
	objects = {

/* Begin PBXBuildFile section */
		DF6118601B21B0A2006AA866 /* AppDelegate.swift in Sources */ = {isa = PBXBuildFile; fileRef = DF61185F1B21B0A2006AA866 /* AppDelegate.swift */; };
		DF6118621B21B0A2006AA866 /* RecordSoundsViewController.swift in Sources */ = {isa = PBXBuildFile; fileRef = DF6118611B21B0A2006AA866 /* RecordSoundsViewController.swift */; };
		DF6118651B21B0A2006AA866 /* Main.storyboard in Resources */ = {isa = PBXBuildFile; fileRef = DF6118631B21B0A2006AA866 /* Main.storyboard */; };
		DF6118671B21B0A2006AA866 /* Images.xcassets in Resources */ = {isa = PBXBuildFile; fileRef = DF6118661B21B0A2006AA866 /* Images.xcassets */; };
		DF61186A1B21B0A2006AA866 /* LaunchScreen.xib in Resources */ = {isa = PBXBuildFile; fileRef = DF6118681B21B0A2006AA866 /* LaunchScreen.xib */; };
		DF6118761B21B0A2006AA866 /* PitchPerfectTests.swift in Sources */ = {isa = PBXBuildFile; fileRef = DF6118751B21B0A2006AA866 /* PitchPerfectTests.swift */; };
		DF6118801B21EF7B006AA866 /* PlaySoundsViewController.swift in Sources */ = {isa = PBXBuildFile; fileRef = DF61187F1B21EF7B006AA866 /* PlaySoundsViewController.swift */; };
		DF6118841B22F7AA006AA866 /* RecordAudio.swift in Sources */ = {isa = PBXBuildFile; fileRef = DF6118831B22F7AA006AA866 /* RecordAudio.swift */; };
/* End PBXBuildFile section */

/* Begin PBXContainerItemProxy section */
		DF6118701B21B0A2006AA866 /* PBXContainerItemProxy */ = {
			isa = PBXContainerItemProxy;
			containerPortal = DF6118521B21B0A2006AA866 /* Project object */;
			proxyType = 1;
			remoteGlobalIDString = DF6118591B21B0A2006AA866;
			remoteInfo = PitchPerfect;
		};
/* End PBXContainerItemProxy section */

/* Begin PBXFileReference section */
		DF61185A1B21B0A2006AA866 /* PitchPerfect.app */ = {isa = PBXFileReference; explicitFileType = wrapper.application; includeInIndex = 0; path = PitchPerfect.app; sourceTree = BUILT_PRODUCTS_DIR; };
		DF61185E1B21B0A2006AA866 /* Info.plist */ = {isa = PBXFileReference; lastKnownFileType = text.plist.xml; path = Info.plist; sourceTree = "<group>"; };
		DF61185F1B21B0A2006AA866 /* AppDelegate.swift */ = {isa = PBXFileReference; lastKnownFileType = sourcecode.swift; path = AppDelegate.swift; sourceTree = "<group>"; };
		DF6118611B21B0A2006AA866 /* RecordSoundsViewController.swift */ = {isa = PBXFileReference; lastKnownFileType = sourcecode.swift; path = RecordSoundsViewController.swift; sourceTree = "<group>"; };
		DF6118641B21B0A2006AA866 /* Base */ = {isa = PBXFileReference; lastKnownFileType = file.storyboard; name = Base; path = Base.lproj/Main.storyboard; sourceTree = "<group>"; };
		DF6118661B21B0A2006AA866 /* Images.xcassets */ = {isa = PBXFileReference; lastKnownFileType = folder.assetcatalog; path = Images.xcassets; sourceTree = "<group>"; };
		DF6118691B21B0A2006AA866 /* Base */ = {isa = PBXFileReference; lastKnownFileType = file.xib; name = Base; path = Base.lproj/LaunchScreen.xib; sourceTree = "<group>"; };
		DF61186F1B21B0A2006AA866 /* PitchPerfectTests.xctest */ = {isa = PBXFileReference; explicitFileType = wrapper.cfbundle; includeInIndex = 0; path = PitchPerfectTests.xctest; sourceTree = BUILT_PRODUCTS_DIR; };
		DF6118741B21B0A2006AA866 /* Info.plist */ = {isa = PBXFileReference; lastKnownFileType = text.plist.xml; path = Info.plist; sourceTree = "<group>"; };
		DF6118751B21B0A2006AA866 /* PitchPerfectTests.swift */ = {isa = PBXFileReference; lastKnownFileType = sourcecode.swift; path = PitchPerfectTests.swift; sourceTree = "<group>"; };
		DF61187F1B21EF7B006AA866 /* PlaySoundsViewController.swift */ = {isa = PBXFileReference; fileEncoding = 4; lastKnownFileType = sourcecode.swift; path = PlaySoundsViewController.swift; sourceTree = "<group>"; };
		DF6118831B22F7AA006AA866 /* RecordAudio.swift */ = {isa = PBXFileReference; fileEncoding = 4; lastKnownFileType = sourcecode.swift; path = RecordAudio.swift; sourceTree = "<group>"; };
/* End PBXFileReference section */

/* Begin PBXFrameworksBuildPhase section */
		DF6118571B21B0A2006AA866 /* Frameworks */ = {
			isa = PBXFrameworksBuildPhase;
			buildActionMask = 2147483647;
			files = (
			);
			runOnlyForDeploymentPostprocessing = 0;
		};
		DF61186C1B21B0A2006AA866 /* Frameworks */ = {
			isa = PBXFrameworksBuildPhase;
			buildActionMask = 2147483647;
			files = (
			);
			runOnlyForDeploymentPostprocessing = 0;
		};
/* End PBXFrameworksBuildPhase section */

/* Begin PBXGroup section */
		DF6118511B21B0A2006AA866 = {
			isa = PBXGroup;
			children = (
				DF61185C1B21B0A2006AA866 /* PitchPerfect */,
				DF6118721B21B0A2006AA866 /* PitchPerfectTests */,
				DF61185B1B21B0A2006AA866 /* Products */,
			);
			sourceTree = "<group>";
		};
		DF61185B1B21B0A2006AA866 /* Products */ = {
			isa = PBXGroup;
			children = (
				DF61185A1B21B0A2006AA866 /* PitchPerfect.app */,
				DF61186F1B21B0A2006AA866 /* PitchPerfectTests.xctest */,
			);
			name = Products;
			sourceTree = "<group>";
		};
		DF61185C1B21B0A2006AA866 /* PitchPerfect */ = {
			isa = PBXGroup;
			children = (
				DF61185F1B21B0A2006AA866 /* AppDelegate.swift */,
				DF6118611B21B0A2006AA866 /* RecordSoundsViewController.swift */,
				DF6118831B22F7AA006AA866 /* RecordAudio.swift */,
				DF6118631B21B0A2006AA866 /* Main.storyboard */,
				DF61187F1B21EF7B006AA866 /* PlaySoundsViewController.swift */,
				DF6118661B21B0A2006AA866 /* Images.xcassets */,
				DF6118681B21B0A2006AA866 /* LaunchScreen.xib */,
				DF61185D1B21B0A2006AA866 /* Supporting Files */,
			);
			path = PitchPerfect;
			sourceTree = "<group>";
		};
		DF61185D1B21B0A2006AA866 /* Supporting Files */ = {
			isa = PBXGroup;
			children = (
				DF61185E1B21B0A2006AA866 /* Info.plist */,
			);
			name = "Supporting Files";
			sourceTree = "<group>";
		};
		DF6118721B21B0A2006AA866 /* PitchPerfectTests */ = {
			isa = PBXGroup;
			children = (
				DF6118751B21B0A2006AA866 /* PitchPerfectTests.swift */,
				DF6118731B21B0A2006AA866 /* Supporting Files */,
			);
			path = PitchPerfectTests;
			sourceTree = "<group>";
		};
		DF6118731B21B0A2006AA866 /* Supporting Files */ = {
			isa = PBXGroup;
			children = (
				DF6118741B21B0A2006AA866 /* Info.plist */,
			);
			name = "Supporting Files";
			sourceTree = "<group>";
		};
/* End PBXGroup section */

/* Begin PBXNativeTarget section */
		DF6118591B21B0A2006AA866 /* PitchPerfect */ = {
			isa = PBXNativeTarget;
			buildConfigurationList = DF6118791B21B0A2006AA866 /* Build configuration list for PBXNativeTarget "PitchPerfect" */;
			buildPhases = (
				DF6118561B21B0A2006AA866 /* Sources */,
				DF6118571B21B0A2006AA866 /* Frameworks */,
				DF6118581B21B0A2006AA866 /* Resources */,
			);
			buildRules = (
			);
			dependencies = (
			);
			name = PitchPerfect;
			productName = PitchPerfect;
			productReference = DF61185A1B21B0A2006AA866 /* PitchPerfect.app */;
			productType = "com.apple.product-type.application";
		};
		DF61186E1B21B0A2006AA866 /* PitchPerfectTests */ = {
			isa = PBXNativeTarget;
			buildConfigurationList = DF61187C1B21B0A2006AA866 /* Build configuration list for PBXNativeTarget "PitchPerfectTests" */;
			buildPhases = (
				DF61186B1B21B0A2006AA866 /* Sources */,
				DF61186C1B21B0A2006AA866 /* Frameworks */,
				DF61186D1B21B0A2006AA866 /* Resources */,
			);
			buildRules = (
			);
			dependencies = (
				DF6118711B21B0A2006AA866 /* PBXTargetDependency */,
			);
			name = PitchPerfectTests;
			productName = PitchPerfectTests;
			productReference = DF61186F1B21B0A2006AA866 /* PitchPerfectTests.xctest */;
			productType = "com.apple.product-type.bundle.unit-test";
		};
/* End PBXNativeTarget section */

/* Begin PBXProject section */
		DF6118521B21B0A2006AA866 /* Project object */ = {
			isa = PBXProject;
			attributes = {
				LastUpgradeCheck = 0630;
				ORGANIZATIONNAME = "Peter Krajcir";
				TargetAttributes = {
					DF6118591B21B0A2006AA866 = {
						CreatedOnToolsVersion = 6.3.2;
						DevelopmentTeam = 46732TYDC8;
					};
					DF61186E1B21B0A2006AA866 = {
						CreatedOnToolsVersion = 6.3.2;
						TestTargetID = DF6118591B21B0A2006AA866;
					};
				};
			};
			buildConfigurationList = DF6118551B21B0A2006AA866 /* Build configuration list for PBXProject "PitchPerfect" */;
			compatibilityVersion = "Xcode 3.2";
			developmentRegion = English;
			hasScannedForEncodings = 0;
			knownRegions = (
				en,
				Base,
			);
			mainGroup = DF6118511B21B0A2006AA866;
			productRefGroup = DF61185B1B21B0A2006AA866 /* Products */;
			projectDirPath = "";
			projectRoot = "";
			targets = (
				DF6118591B21B0A2006AA866 /* PitchPerfect */,
				DF61186E1B21B0A2006AA866 /* PitchPerfectTests */,
			);
		};
/* End PBXProject section */

/* Begin PBXResourcesBuildPhase section */
		DF6118581B21B0A2006AA866 /* Resources */ = {
			isa = PBXResourcesBuildPhase;
			buildActionMask = 2147483647;
			files = (
				DF6118651B21B0A2006AA866 /* Main.storyboard in Resources */,
				DF61186A1B21B0A2006AA866 /* LaunchScreen.xib in Resources */,
				DF6118671B21B0A2006AA866 /* Images.xcassets in Resources */,
			);
			runOnlyForDeploymentPostprocessing = 0;
		};
		DF61186D1B21B0A2006AA866 /* Resources */ = {
			isa = PBXResourcesBuildPhase;
			buildActionMask = 2147483647;
			files = (
			);
			runOnlyForDeploymentPostprocessing = 0;
		};
/* End PBXResourcesBuildPhase section */

/* Begin PBXSourcesBuildPhase section */
		DF6118561B21B0A2006AA866 /* Sources */ = {
			isa = PBXSourcesBuildPhase;
			buildActionMask = 2147483647;
			files = (
				DF6118621B21B0A2006AA866 /* RecordSoundsViewController.swift in Sources */,
				DF6118841B22F7AA006AA866 /* RecordAudio.swift in Sources */,
				DF6118801B21EF7B006AA866 /* PlaySoundsViewController.swift in Sources */,
				DF6118601B21B0A2006AA866 /* AppDelegate.swift in Sources */,
			);
			runOnlyForDeploymentPostprocessing = 0;
		};
		DF61186B1B21B0A2006AA866 /* Sources */ = {
			isa = PBXSourcesBuildPhase;
			buildActionMask = 2147483647;
			files = (
				DF6118761B21B0A2006AA866 /* PitchPerfectTests.swift in Sources */,
			);
			runOnlyForDeploymentPostprocessing = 0;
		};
/* End PBXSourcesBuildPhase section */

/* Begin PBXTargetDependency section */
		DF6118711B21B0A2006AA866 /* PBXTargetDependency */ = {
			isa = PBXTargetDependency;
			target = DF6118591B21B0A2006AA866 /* PitchPerfect */;
			targetProxy = DF6118701B21B0A2006AA866 /* PBXContainerItemProxy */;
		};
/* End PBXTargetDependency section */

/* Begin PBXVariantGroup section */
		DF6118631B21B0A2006AA866 /* Main.storyboard */ = {
			isa = PBXVariantGroup;
			children = (
				DF6118641B21B0A2006AA866 /* Base */,
			);
			name = Main.storyboard;
			sourceTree = "<group>";
		};
		DF6118681B21B0A2006AA866 /* LaunchScreen.xib */ = {
			isa = PBXVariantGroup;
			children = (
				DF6118691B21B0A2006AA866 /* Base */,
			);
			name = LaunchScreen.xib;
			sourceTree = "<group>";
		};
/* End PBXVariantGroup section */

/* Begin XCBuildConfiguration section */
		DF6118771B21B0A2006AA866 /* Debug */ = {
			isa = XCBuildConfiguration;
			buildSettings = {
				ALWAYS_SEARCH_USER_PATHS = NO;
				CLANG_CXX_LANGUAGE_STANDARD = "gnu++0x";
				CLANG_CXX_LIBRARY = "libc++";
				CLANG_ENABLE_MODULES = YES;
				CLANG_ENABLE_OBJC_ARC = YES;
				CLANG_WARN_BOOL_CONVERSION = YES;
				CLANG_WARN_CONSTANT_CONVERSION = YES;
				CLANG_WARN_DIRECT_OBJC_ISA_USAGE = YES_ERROR;
				CLANG_WARN_EMPTY_BODY = YES;
				CLANG_WARN_ENUM_CONVERSION = YES;
				CLANG_WARN_INT_CONVERSION = YES;
				CLANG_WARN_OBJC_ROOT_CLASS = YES_ERROR;
				CLANG_WARN_UNREACHABLE_CODE = YES;
				CLANG_WARN__DUPLICATE_METHOD_MATCH = YES;
				"CODE_SIGN_IDENTITY[sdk=iphoneos*]" = "iPhone Developer";
				COPY_PHASE_STRIP = NO;
				DEBUG_INFORMATION_FORMAT = "dwarf-with-dsym";
				ENABLE_STRICT_OBJC_MSGSEND = YES;
				GCC_C_LANGUAGE_STANDARD = gnu99;
				GCC_DYNAMIC_NO_PIC = NO;
				GCC_NO_COMMON_BLOCKS = YES;
				GCC_OPTIMIZATION_LEVEL = 0;
				GCC_PREPROCESSOR_DEFINITIONS = (
					"DEBUG=1",
					"$(inherited)",
				);
				GCC_SYMBOLS_PRIVATE_EXTERN = NO;
				GCC_WARN_64_TO_32_BIT_CONVERSION = YES;
				GCC_WARN_ABOUT_RETURN_TYPE = YES_ERROR;
				GCC_WARN_UNDECLARED_SELECTOR = YES;
				GCC_WARN_UNINITIALIZED_AUTOS = YES_AGGRESSIVE;
				GCC_WARN_UNUSED_FUNCTION = YES;
				GCC_WARN_UNUSED_VARIABLE = YES;
				IPHONEOS_DEPLOYMENT_TARGET = 8.3;
				MTL_ENABLE_DEBUG_INFO = YES;
				ONLY_ACTIVE_ARCH = YES;
				SDKROOT = iphoneos;
				SWIFT_OPTIMIZATION_LEVEL = "-Onone";
			};
			name = Debug;
		};
		DF6118781B21B0A2006AA866 /* Release */ = {
			isa = XCBuildConfiguration;
			buildSettings = {
				ALWAYS_SEARCH_USER_PATHS = NO;
				CLANG_CXX_LANGUAGE_STANDARD = "gnu++0x";
				CLANG_CXX_LIBRARY = "libc++";
				CLANG_ENABLE_MODULES = YES;
				CLANG_ENABLE_OBJC_ARC = YES;
				CLANG_WARN_BOOL_CONVERSION = YES;
				CLANG_WARN_CONSTANT_CONVERSION = YES;
				CLANG_WARN_DIRECT_OBJC_ISA_USAGE = YES_ERROR;
				CLANG_WARN_EMPTY_BODY = YES;
				CLANG_WARN_ENUM_CONVERSION = YES;
				CLANG_WARN_INT_CONVERSION = YES;
				CLANG_WARN_OBJC_ROOT_CLASS = YES_ERROR;
				CLANG_WARN_UNREACHABLE_CODE = YES;
				CLANG_WARN__DUPLICATE_METHOD_MATCH = YES;
				"CODE_SIGN_IDENTITY[sdk=iphoneos*]" = "iPhone Developer";
				COPY_PHASE_STRIP = NO;
				DEBUG_INFORMATION_FORMAT = "dwarf-with-dsym";
				ENABLE_NS_ASSERTIONS = NO;
				ENABLE_STRICT_OBJC_MSGSEND = YES;
				GCC_C_LANGUAGE_STANDARD = gnu99;
				GCC_NO_COMMON_BLOCKS = YES;
				GCC_WARN_64_TO_32_BIT_CONVERSION = YES;
				GCC_WARN_ABOUT_RETURN_TYPE = YES_ERROR;
				GCC_WARN_UNDECLARED_SELECTOR = YES;
				GCC_WARN_UNINITIALIZED_AUTOS = YES_AGGRESSIVE;
				GCC_WARN_UNUSED_FUNCTION = YES;
				GCC_WARN_UNUSED_VARIABLE = YES;
				IPHONEOS_DEPLOYMENT_TARGET = 8.3;
				MTL_ENABLE_DEBUG_INFO = NO;
				SDKROOT = iphoneos;
				VALIDATE_PRODUCT = YES;
			};
			name = Release;
		};
		DF61187A1B21B0A2006AA866 /* Debug */ = {
			isa = XCBuildConfiguration;
			buildSettings = {
				ASSETCATALOG_COMPILER_APPICON_NAME = AppIcon;
				CODE_SIGN_IDENTITY = "iPhone Developer";
				"CODE_SIGN_IDENTITY[sdk=iphoneos*]" = "iPhone Developer";
				INFOPLIST_FILE = PitchPerfect/Info.plist;
				LD_RUNPATH_SEARCH_PATHS = "$(inherited) @executable_path/Frameworks";
				PRODUCT_NAME = "$(TARGET_NAME)";
				PROVISIONING_PROFILE = "";
			};
			name = Debug;
		};
		DF61187B1B21B0A2006AA866 /* Release */ = {
			isa = XCBuildConfiguration;
			buildSettings = {
				ASSETCATALOG_COMPILER_APPICON_NAME = AppIcon;
				CODE_SIGN_IDENTITY = "iPhone Developer";
				"CODE_SIGN_IDENTITY[sdk=iphoneos*]" = "iPhone Developer";
				INFOPLIST_FILE = PitchPerfect/Info.plist;
				LD_RUNPATH_SEARCH_PATHS = "$(inherited) @executable_path/Frameworks";
				PRODUCT_NAME = "$(TARGET_NAME)";
				PROVISIONING_PROFILE = "";
			};
			name = Release;
		};
		DF61187D1B21B0A2006AA866 /* Debug */ = {
			isa = XCBuildConfiguration;
			buildSettings = {
				BUNDLE_LOADER = "$(TEST_HOST)";
				FRAMEWORK_SEARCH_PATHS = (
					"$(SDKROOT)/Developer/Library/Frameworks",
					"$(inherited)",
				);
				GCC_PREPROCESSOR_DEFINITIONS = (
					"DEBUG=1",
					"$(inherited)",
				);
				INFOPLIST_FILE = PitchPerfectTests/Info.plist;
				LD_RUNPATH_SEARCH_PATHS = "$(inherited) @executable_path/Frameworks @loader_path/Frameworks";
				PRODUCT_NAME = "$(TARGET_NAME)";
				TEST_HOST = "$(BUILT_PRODUCTS_DIR)/PitchPerfect.app/PitchPerfect";
			};
			name = Debug;
		};
		DF61187E1B21B0A2006AA866 /* Release */ = {
			isa = XCBuildConfiguration;
			buildSettings = {
				BUNDLE_LOADER = "$(TEST_HOST)";
				FRAMEWORK_SEARCH_PATHS = (
					"$(SDKROOT)/Developer/Library/Frameworks",
					"$(inherited)",
				);
				INFOPLIST_FILE = PitchPerfectTests/Info.plist;
				LD_RUNPATH_SEARCH_PATHS = "$(inherited) @executable_path/Frameworks @loader_path/Frameworks";
				PRODUCT_NAME = "$(TARGET_NAME)";
				TEST_HOST = "$(BUILT_PRODUCTS_DIR)/PitchPerfect.app/PitchPerfect";
			};
			name = Release;
		};
/* End XCBuildConfiguration section */

/* Begin XCConfigurationList section */
		DF6118551B21B0A2006AA866 /* Build configuration list for PBXProject "PitchPerfect" */ = {
			isa = XCConfigurationList;
			buildConfigurations = (
				DF6118771B21B0A2006AA866 /* Debug */,
				DF6118781B21B0A2006AA866 /* Release */,
			);
			defaultConfigurationIsVisible = 0;
			defaultConfigurationName = Release;
		};
		DF6118791B21B0A2006AA866 /* Build configuration list for PBXNativeTarget "PitchPerfect" */ = {
			isa = XCConfigurationList;
			buildConfigurations = (
				DF61187A1B21B0A2006AA866 /* Debug */,
				DF61187B1B21B0A2006AA866 /* Release */,
			);
			defaultConfigurationIsVisible = 0;
			defaultConfigurationName = Release;
		};
		DF61187C1B21B0A2006AA866 /* Build configuration list for PBXNativeTarget "PitchPerfectTests" */ = {
			isa = XCConfigurationList;
			buildConfigurations = (
				DF61187D1B21B0A2006AA866 /* Debug */,
				DF61187E1B21B0A2006AA866 /* Release */,
			);
			defaultConfigurationIsVisible = 0;
			defaultConfigurationName = Release;
		};
/* End XCConfigurationList section */
	};
	rootObject = DF6118521B21B0A2006AA866 /* Project object */;
}
